
Microsoft Visual Studio Solution File, Format Version 12.00
# Visual Studio Version 17
VisualStudioVersion = 17.4.33205.214
MinimumVisualStudioVersion = 10.0.40219.1
Project("{FAE04EC0-301F-11D3-BF4B-00C04F79EFBC}") = "TaskInventory", "TaskInventory\TaskInventory.csproj", "{DE38FB87-576F-4926-9FE7-C31D6EE8CF64}"
EndProject
Global
	GlobalSection(SolutionConfigurationPlatforms) = preSolution
		Debug|Any CPU = Debug|Any CPU
		Release|Any CPU = Release|Any CPU
	EndGlobalSection
	GlobalSection(ProjectConfigurationPlatforms) = postSolution
		{DE38FB87-576F-4926-9FE7-C31D6EE8CF64}.Debug|Any CPU.ActiveCfg = Debug|Any CPU
		{DE38FB87-576F-4926-9FE7-C31D6EE8CF64}.Debug|Any CPU.Build.0 = Debug|Any CPU
		{DE38FB87-576F-4926-9FE7-C31D6EE8CF64}.Release|Any CPU.ActiveCfg = Release|Any CPU
		{DE38FB87-576F-4926-9FE7-C31D6EE8CF64}.Release|Any CPU.Build.0 = Release|Any CPU
	EndGlobalSection
	GlobalSection(SolutionProperties) = preSolution
		HideSolutionNode = FALSE
	EndGlobalSection
	GlobalSection(ExtensibilityGlobals) = postSolution
		SolutionGuid = {85A22A6F-D6B6-48E8-A485-0667217E1767}
	EndGlobalSection
EndGlobal
